// !$*UTF8*$!
{
	archiveVersion = 1;
	classes = {
	};
	objectVersion = 55;
	objects = {

/* Begin PBXBuildFile section */
		A026C3EA285BB16D00252663 /* AppDelegate.swift in Sources */ = {isa = PBXBuildFile; fileRef = A026C3E9285BB16D00252663 /* AppDelegate.swift */; };
		A026C3EC285BB16D00252663 /* SceneDelegate.swift in Sources */ = {isa = PBXBuildFile; fileRef = A026C3EB285BB16D00252663 /* SceneDelegate.swift */; };
		A026C3EE285BB16D00252663 /* OverviewController.swift in Sources */ = {isa = PBXBuildFile; fileRef = A026C3ED285BB16D00252663 /* OverviewController.swift */; };
		A026C3F3285BB16F00252663 /* Assets.xcassets in Resources */ = {isa = PBXBuildFile; fileRef = A026C3F2285BB16F00252663 /* Assets.xcassets */; };
		A026C3F6285BB16F00252663 /* LaunchScreen.storyboard in Resources */ = {isa = PBXBuildFile; fileRef = A026C3F4285BB16F00252663 /* LaunchScreen.storyboard */; };
		A026C400285BB54E00252663 /* TabBarController.swift in Sources */ = {isa = PBXBuildFile; fileRef = A026C3FF285BB54E00252663 /* TabBarController.swift */; };
		A026C403285BB62D00252663 /* UIColor + Extensions.swift in Sources */ = {isa = PBXBuildFile; fileRef = A026C402285BB62D00252663 /* UIColor + Extensions.swift */; };
		A026C406285BB77400252663 /* Resources.swift in Sources */ = {isa = PBXBuildFile; fileRef = A026C405285BB77400252663 /* Resources.swift */; };
		A026C408285BC6B900252663 /* NavigationBarController.swift in Sources */ = {isa = PBXBuildFile; fileRef = A026C407285BC6B900252663 /* NavigationBarController.swift */; };
		A026C40C285BC87700252663 /* BaseController.swift in Sources */ = {isa = PBXBuildFile; fileRef = A026C40B285BC87700252663 /* BaseController.swift */; };
		A026C40E285BCA3700252663 /* UIView + Extensions.swift in Sources */ = {isa = PBXBuildFile; fileRef = A026C40D285BCA3700252663 /* UIView + Extensions.swift */; };
		A026C416285BCC4F00252663 /* SessionController.swift in Sources */ = {isa = PBXBuildFile; fileRef = A026C415285BCC4F00252663 /* SessionController.swift */; };
		A026C418285BCC6600252663 /* ProgressController.swift in Sources */ = {isa = PBXBuildFile; fileRef = A026C417285BCC6600252663 /* ProgressController.swift */; };
		A026C41A285BCC7D00252663 /* SettingsController.swift in Sources */ = {isa = PBXBuildFile; fileRef = A026C419285BCC7D00252663 /* SettingsController.swift */; };
/* End PBXBuildFile section */

/* Begin PBXFileReference section */
		A026C3E6285BB16D00252663 /* WorkoutApp.app */ = {isa = PBXFileReference; explicitFileType = wrapper.application; includeInIndex = 0; path = WorkoutApp.app; sourceTree = BUILT_PRODUCTS_DIR; };
		A026C3E9285BB16D00252663 /* AppDelegate.swift */ = {isa = PBXFileReference; lastKnownFileType = sourcecode.swift; path = AppDelegate.swift; sourceTree = "<group>"; };
		A026C3EB285BB16D00252663 /* SceneDelegate.swift */ = {isa = PBXFileReference; lastKnownFileType = sourcecode.swift; path = SceneDelegate.swift; sourceTree = "<group>"; };
		A026C3ED285BB16D00252663 /* OverviewController.swift */ = {isa = PBXFileReference; lastKnownFileType = sourcecode.swift; path = OverviewController.swift; sourceTree = "<group>"; };
		A026C3F2285BB16F00252663 /* Assets.xcassets */ = {isa = PBXFileReference; lastKnownFileType = folder.assetcatalog; path = Assets.xcassets; sourceTree = "<group>"; };
		A026C3F5285BB16F00252663 /* Base */ = {isa = PBXFileReference; lastKnownFileType = file.storyboard; name = Base; path = Base.lproj/LaunchScreen.storyboard; sourceTree = "<group>"; };
		A026C3F7285BB16F00252663 /* Info.plist */ = {isa = PBXFileReference; lastKnownFileType = text.plist.xml; path = Info.plist; sourceTree = "<group>"; };
		A026C3FF285BB54E00252663 /* TabBarController.swift */ = {isa = PBXFileReference; lastKnownFileType = sourcecode.swift; path = TabBarController.swift; sourceTree = "<group>"; };
		A026C402285BB62D00252663 /* UIColor + Extensions.swift */ = {isa = PBXFileReference; lastKnownFileType = sourcecode.swift; path = "UIColor + Extensions.swift"; sourceTree = "<group>"; };
		A026C405285BB77400252663 /* Resources.swift */ = {isa = PBXFileReference; lastKnownFileType = sourcecode.swift; path = Resources.swift; sourceTree = "<group>"; };
		A026C407285BC6B900252663 /* NavigationBarController.swift */ = {isa = PBXFileReference; lastKnownFileType = sourcecode.swift; path = NavigationBarController.swift; sourceTree = "<group>"; };
		A026C40B285BC87700252663 /* BaseController.swift */ = {isa = PBXFileReference; lastKnownFileType = sourcecode.swift; path = BaseController.swift; sourceTree = "<group>"; };
		A026C40D285BCA3700252663 /* UIView + Extensions.swift */ = {isa = PBXFileReference; lastKnownFileType = sourcecode.swift; path = "UIView + Extensions.swift"; sourceTree = "<group>"; };
		A026C415285BCC4F00252663 /* SessionController.swift */ = {isa = PBXFileReference; lastKnownFileType = sourcecode.swift; path = SessionController.swift; sourceTree = "<group>"; };
		A026C417285BCC6600252663 /* ProgressController.swift */ = {isa = PBXFileReference; lastKnownFileType = sourcecode.swift; path = ProgressController.swift; sourceTree = "<group>"; };
		A026C419285BCC7D00252663 /* SettingsController.swift */ = {isa = PBXFileReference; lastKnownFileType = sourcecode.swift; path = SettingsController.swift; sourceTree = "<group>"; };
/* End PBXFileReference section */

/* Begin PBXFrameworksBuildPhase section */
		A026C3E3285BB16D00252663 /* Frameworks */ = {
			isa = PBXFrameworksBuildPhase;
			buildActionMask = 2147483647;
			files = (
			);
			runOnlyForDeploymentPostprocessing = 0;
		};
/* End PBXFrameworksBuildPhase section */

/* Begin PBXGroup section */
		A026C3DD285BB16D00252663 = {
			isa = PBXGroup;
			children = (
				A026C3E8285BB16D00252663 /* WorkoutApp */,
				A026C3E7285BB16D00252663 /* Products */,
			);
			sourceTree = "<group>";
		};
		A026C3E7285BB16D00252663 /* Products */ = {
			isa = PBXGroup;
			children = (
				A026C3E6285BB16D00252663 /* WorkoutApp.app */,
			);
			name = Products;
			sourceTree = "<group>";
		};
		A026C3E8285BB16D00252663 /* WorkoutApp */ = {
			isa = PBXGroup;
			children = (
				A026C409285BC86300252663 /* Controllers */,
				A026C404285BB75B00252663 /* Helpers */,
				A026C3FD285BB1F800252663 /* Application */,
				A026C3FE285BB20B00252663 /* SupportingFiles */,
			);
			path = WorkoutApp;
			sourceTree = "<group>";
		};
		A026C3FD285BB1F800252663 /* Application */ = {
			isa = PBXGroup;
			children = (
				A026C3E9285BB16D00252663 /* AppDelegate.swift */,
				A026C3EB285BB16D00252663 /* SceneDelegate.swift */,
			);
			path = Application;
			sourceTree = "<group>";
		};
		A026C3FE285BB20B00252663 /* SupportingFiles */ = {
			isa = PBXGroup;
			children = (
				A026C3F2285BB16F00252663 /* Assets.xcassets */,
				A026C3F4285BB16F00252663 /* LaunchScreen.storyboard */,
				A026C3F7285BB16F00252663 /* Info.plist */,
			);
			path = SupportingFiles;
			sourceTree = "<group>";
		};
		A026C401285BB61500252663 /* Extensions */ = {
			isa = PBXGroup;
			children = (
				A026C402285BB62D00252663 /* UIColor + Extensions.swift */,
				A026C40D285BCA3700252663 /* UIView + Extensions.swift */,
			);
			path = Extensions;
			sourceTree = "<group>";
		};
		A026C404285BB75B00252663 /* Helpers */ = {
			isa = PBXGroup;
			children = (
				A026C401285BB61500252663 /* Extensions */,
				A026C405285BB77400252663 /* Resources.swift */,
			);
			path = Helpers;
			sourceTree = "<group>";
		};
		A026C409285BC86300252663 /* Controllers */ = {
			isa = PBXGroup;
			children = (
				A026C40A285BC87100252663 /* Base */,
				A026C40F285BCC0200252663 /* Overview */,
				A026C412285BCC1500252663 /* Session */,
				A026C414285BCC2A00252663 /* Progress */,
				A026C413285BCC2300252663 /* Settings */,
			);
			path = Controllers;
			sourceTree = "<group>";
		};
		A026C40A285BC87100252663 /* Base */ = {
			isa = PBXGroup;
			children = (
				A026C3FF285BB54E00252663 /* TabBarController.swift */,
				A026C407285BC6B900252663 /* NavigationBarController.swift */,
				A026C40B285BC87700252663 /* BaseController.swift */,
			);
			path = Base;
			sourceTree = "<group>";
		};
		A026C40F285BCC0200252663 /* Overview */ = {
			isa = PBXGroup;
			children = (
				A026C3ED285BB16D00252663 /* OverviewController.swift */,
			);
			path = Overview;
			sourceTree = "<group>";
		};
		A026C412285BCC1500252663 /* Session */ = {
			isa = PBXGroup;
			children = (
				A026C415285BCC4F00252663 /* SessionController.swift */,
			);
			path = Session;
			sourceTree = "<group>";
		};
		A026C413285BCC2300252663 /* Settings */ = {
			isa = PBXGroup;
			children = (
				A026C419285BCC7D00252663 /* SettingsController.swift */,
			);
			path = Settings;
			sourceTree = "<group>";
		};
		A026C414285BCC2A00252663 /* Progress */ = {
			isa = PBXGroup;
			children = (
				A026C417285BCC6600252663 /* ProgressController.swift */,
			);
			path = Progress;
			sourceTree = "<group>";
		};
/* End PBXGroup section */

/* Begin PBXNativeTarget section */
		A026C3E5285BB16D00252663 /* WorkoutApp */ = {
			isa = PBXNativeTarget;
			buildConfigurationList = A026C3FA285BB16F00252663 /* Build configuration list for PBXNativeTarget "WorkoutApp" */;
			buildPhases = (
				A026C3E2285BB16D00252663 /* Sources */,
				A026C3E3285BB16D00252663 /* Frameworks */,
				A026C3E4285BB16D00252663 /* Resources */,
			);
			buildRules = (
			);
			dependencies = (
			);
			name = WorkoutApp;
			productName = WorkoutApp;
			productReference = A026C3E6285BB16D00252663 /* WorkoutApp.app */;
			productType = "com.apple.product-type.application";
		};
/* End PBXNativeTarget section */

/* Begin PBXProject section */
		A026C3DE285BB16D00252663 /* Project object */ = {
			isa = PBXProject;
			attributes = {
				BuildIndependentTargetsInParallel = 1;
				LastSwiftUpdateCheck = 1330;
				LastUpgradeCheck = 1330;
				TargetAttributes = {
					A026C3E5285BB16D00252663 = {
						CreatedOnToolsVersion = 13.3;
					};
				};
			};
			buildConfigurationList = A026C3E1285BB16D00252663 /* Build configuration list for PBXProject "WorkoutApp" */;
			compatibilityVersion = "Xcode 13.0";
			developmentRegion = en;
			hasScannedForEncodings = 0;
			knownRegions = (
				en,
				Base,
			);
			mainGroup = A026C3DD285BB16D00252663;
			productRefGroup = A026C3E7285BB16D00252663 /* Products */;
			projectDirPath = "";
			projectRoot = "";
			targets = (
				A026C3E5285BB16D00252663 /* WorkoutApp */,
			);
		};
/* End PBXProject section */

/* Begin PBXResourcesBuildPhase section */
		A026C3E4285BB16D00252663 /* Resources */ = {
			isa = PBXResourcesBuildPhase;
			buildActionMask = 2147483647;
			files = (
				A026C3F6285BB16F00252663 /* LaunchScreen.storyboard in Resources */,
				A026C3F3285BB16F00252663 /* Assets.xcassets in Resources */,
			);
			runOnlyForDeploymentPostprocessing = 0;
		};
/* End PBXResourcesBuildPhase section */

/* Begin PBXSourcesBuildPhase section */
		A026C3E2285BB16D00252663 /* Sources */ = {
			isa = PBXSourcesBuildPhase;
			buildActionMask = 2147483647;
			files = (
				A026C41A285BCC7D00252663 /* SettingsController.swift in Sources */,
				A026C3EE285BB16D00252663 /* OverviewController.swift in Sources */,
				A026C403285BB62D00252663 /* UIColor + Extensions.swift in Sources */,
				A026C400285BB54E00252663 /* TabBarController.swift in Sources */,
				A026C408285BC6B900252663 /* NavigationBarController.swift in Sources */,
				A026C416285BCC4F00252663 /* SessionController.swift in Sources */,
				A026C418285BCC6600252663 /* ProgressController.swift in Sources */,
				A026C406285BB77400252663 /* Resources.swift in Sources */,
				A026C3EA285BB16D00252663 /* AppDelegate.swift in Sources */,
				A026C3EC285BB16D00252663 /* SceneDelegate.swift in Sources */,
				A026C40E285BCA3700252663 /* UIView + Extensions.swift in Sources */,
				A026C40C285BC87700252663 /* BaseController.swift in Sources */,
			);
			runOnlyForDeploymentPostprocessing = 0;
		};
/* End PBXSourcesBuildPhase section */

/* Begin PBXVariantGroup section */
		A026C3F4285BB16F00252663 /* LaunchScreen.storyboard */ = {
			isa = PBXVariantGroup;
			children = (
				A026C3F5285BB16F00252663 /* Base */,
			);
			name = LaunchScreen.storyboard;
			sourceTree = "<group>";
		};
/* End PBXVariantGroup section */

/* Begin XCBuildConfiguration section */
		A026C3F8285BB16F00252663 /* Debug */ = {
			isa = XCBuildConfiguration;
			buildSettings = {
				ALWAYS_SEARCH_USER_PATHS = NO;
				CLANG_ANALYZER_NONNULL = YES;
				CLANG_ANALYZER_NUMBER_OBJECT_CONVERSION = YES_AGGRESSIVE;
				CLANG_CXX_LANGUAGE_STANDARD = "gnu++17";
				CLANG_ENABLE_MODULES = YES;
				CLANG_ENABLE_OBJC_ARC = YES;
				CLANG_ENABLE_OBJC_WEAK = YES;
				CLANG_WARN_BLOCK_CAPTURE_AUTORELEASING = YES;
				CLANG_WARN_BOOL_CONVERSION = YES;
				CLANG_WARN_COMMA = YES;
				CLANG_WARN_CONSTANT_CONVERSION = YES;
				CLANG_WARN_DEPRECATED_OBJC_IMPLEMENTATIONS = YES;
				CLANG_WARN_DIRECT_OBJC_ISA_USAGE = YES_ERROR;
				CLANG_WARN_DOCUMENTATION_COMMENTS = YES;
				CLANG_WARN_EMPTY_BODY = YES;
				CLANG_WARN_ENUM_CONVERSION = YES;
				CLANG_WARN_INFINITE_RECURSION = YES;
				CLANG_WARN_INT_CONVERSION = YES;
				CLANG_WARN_NON_LITERAL_NULL_CONVERSION = YES;
				CLANG_WARN_OBJC_IMPLICIT_RETAIN_SELF = YES;
				CLANG_WARN_OBJC_LITERAL_CONVERSION = YES;
				CLANG_WARN_OBJC_ROOT_CLASS = YES_ERROR;
				CLANG_WARN_QUOTED_INCLUDE_IN_FRAMEWORK_HEADER = YES;
				CLANG_WARN_RANGE_LOOP_ANALYSIS = YES;
				CLANG_WARN_STRICT_PROTOTYPES = YES;
				CLANG_WARN_SUSPICIOUS_MOVE = YES;
				CLANG_WARN_UNGUARDED_AVAILABILITY = YES_AGGRESSIVE;
				CLANG_WARN_UNREACHABLE_CODE = YES;
				CLANG_WARN__DUPLICATE_METHOD_MATCH = YES;
				COPY_PHASE_STRIP = NO;
				DEBUG_INFORMATION_FORMAT = dwarf;
				ENABLE_STRICT_OBJC_MSGSEND = YES;
				ENABLE_TESTABILITY = YES;
				GCC_C_LANGUAGE_STANDARD = gnu11;
				GCC_DYNAMIC_NO_PIC = NO;
				GCC_NO_COMMON_BLOCKS = YES;
				GCC_OPTIMIZATION_LEVEL = 0;
				GCC_PREPROCESSOR_DEFINITIONS = (
					"DEBUG=1",
					"$(inherited)",
				);
				GCC_WARN_64_TO_32_BIT_CONVERSION = YES;
				GCC_WARN_ABOUT_RETURN_TYPE = YES_ERROR;
				GCC_WARN_UNDECLARED_SELECTOR = YES;
				GCC_WARN_UNINITIALIZED_AUTOS = YES_AGGRESSIVE;
				GCC_WARN_UNUSED_FUNCTION = YES;
				GCC_WARN_UNUSED_VARIABLE = YES;
				IPHONEOS_DEPLOYMENT_TARGET = 15.4;
				MTL_ENABLE_DEBUG_INFO = INCLUDE_SOURCE;
				MTL_FAST_MATH = YES;
				ONLY_ACTIVE_ARCH = YES;
				SDKROOT = iphoneos;
				SWIFT_ACTIVE_COMPILATION_CONDITIONS = DEBUG;
				SWIFT_OPTIMIZATION_LEVEL = "-Onone";
			};
			name = Debug;
		};
		A026C3F9285BB16F00252663 /* Release */ = {
			isa = XCBuildConfiguration;
			buildSettings = {
				ALWAYS_SEARCH_USER_PATHS = NO;
				CLANG_ANALYZER_NONNULL = YES;
				CLANG_ANALYZER_NUMBER_OBJECT_CONVERSION = YES_AGGRESSIVE;
				CLANG_CXX_LANGUAGE_STANDARD = "gnu++17";
				CLANG_ENABLE_MODULES = YES;
				CLANG_ENABLE_OBJC_ARC = YES;
				CLANG_ENABLE_OBJC_WEAK = YES;
				CLANG_WARN_BLOCK_CAPTURE_AUTORELEASING = YES;
				CLANG_WARN_BOOL_CONVERSION = YES;
				CLANG_WARN_COMMA = YES;
				CLANG_WARN_CONSTANT_CONVERSION = YES;
				CLANG_WARN_DEPRECATED_OBJC_IMPLEMENTATIONS = YES;
				CLANG_WARN_DIRECT_OBJC_ISA_USAGE = YES_ERROR;
				CLANG_WARN_DOCUMENTATION_COMMENTS = YES;
				CLANG_WARN_EMPTY_BODY = YES;
				CLANG_WARN_ENUM_CONVERSION = YES;
				CLANG_WARN_INFINITE_RECURSION = YES;
				CLANG_WARN_INT_CONVERSION = YES;
				CLANG_WARN_NON_LITERAL_NULL_CONVERSION = YES;
				CLANG_WARN_OBJC_IMPLICIT_RETAIN_SELF = YES;
				CLANG_WARN_OBJC_LITERAL_CONVERSION = YES;
				CLANG_WARN_OBJC_ROOT_CLASS = YES_ERROR;
				CLANG_WARN_QUOTED_INCLUDE_IN_FRAMEWORK_HEADER = YES;
				CLANG_WARN_RANGE_LOOP_ANALYSIS = YES;
				CLANG_WARN_STRICT_PROTOTYPES = YES;
				CLANG_WARN_SUSPICIOUS_MOVE = YES;
				CLANG_WARN_UNGUARDED_AVAILABILITY = YES_AGGRESSIVE;
				CLANG_WARN_UNREACHABLE_CODE = YES;
				CLANG_WARN__DUPLICATE_METHOD_MATCH = YES;
				COPY_PHASE_STRIP = NO;
				DEBUG_INFORMATION_FORMAT = "dwarf-with-dsym";
				ENABLE_NS_ASSERTIONS = NO;
				ENABLE_STRICT_OBJC_MSGSEND = YES;
				GCC_C_LANGUAGE_STANDARD = gnu11;
				GCC_NO_COMMON_BLOCKS = YES;
				GCC_WARN_64_TO_32_BIT_CONVERSION = YES;
				GCC_WARN_ABOUT_RETURN_TYPE = YES_ERROR;
				GCC_WARN_UNDECLARED_SELECTOR = YES;
				GCC_WARN_UNINITIALIZED_AUTOS = YES_AGGRESSIVE;
				GCC_WARN_UNUSED_FUNCTION = YES;
				GCC_WARN_UNUSED_VARIABLE = YES;
				IPHONEOS_DEPLOYMENT_TARGET = 15.4;
				MTL_ENABLE_DEBUG_INFO = NO;
				MTL_FAST_MATH = YES;
				SDKROOT = iphoneos;
				SWIFT_COMPILATION_MODE = wholemodule;
				SWIFT_OPTIMIZATION_LEVEL = "-O";
				VALIDATE_PRODUCT = YES;
			};
			name = Release;
		};
		A026C3FB285BB16F00252663 /* Debug */ = {
			isa = XCBuildConfiguration;
			buildSettings = {
				ASSETCATALOG_COMPILER_APPICON_NAME = AppIcon;
				ASSETCATALOG_COMPILER_GLOBAL_ACCENT_COLOR_NAME = AccentColor;
				CODE_SIGN_STYLE = Automatic;
				CURRENT_PROJECT_VERSION = 1;
				DEVELOPMENT_TEAM = 2DR6VCAQ4L;
				GENERATE_INFOPLIST_FILE = YES;
				INFOPLIST_FILE = WorkoutApp/SupportingFiles/Info.plist;
				INFOPLIST_KEY_UIApplicationSupportsIndirectInputEvents = YES;
				INFOPLIST_KEY_UILaunchStoryboardName = LaunchScreen;
				INFOPLIST_KEY_UISupportedInterfaceOrientations = UIInterfaceOrientationPortrait;
				INFOPLIST_KEY_UISupportedInterfaceOrientations_iPad = "UIInterfaceOrientationPortrait UIInterfaceOrientationPortraitUpsideDown UIInterfaceOrientationLandscapeLeft UIInterfaceOrientationLandscapeRight";
				INFOPLIST_KEY_UISupportedInterfaceOrientations_iPhone = "UIInterfaceOrientationPortrait UIInterfaceOrientationLandscapeLeft UIInterfaceOrientationLandscapeRight";
				LD_RUNPATH_SEARCH_PATHS = (
					"$(inherited)",
					"@executable_path/Frameworks",
				);
				MARKETING_VERSION = 1.0;
				PRODUCT_BUNDLE_IDENTIFIER = pK.WorkoutApp;
				PRODUCT_NAME = "$(TARGET_NAME)";
				SWIFT_EMIT_LOC_STRINGS = YES;
				SWIFT_VERSION = 5.0;
				TARGETED_DEVICE_FAMILY = 1;
			};
			name = Debug;
		};
		A026C3FC285BB16F00252663 /* Release */ = {
			isa = XCBuildConfiguration;
			buildSettings = {
				ASSETCATALOG_COMPILER_APPICON_NAME = AppIcon;
				ASSETCATALOG_COMPILER_GLOBAL_ACCENT_COLOR_NAME = AccentColor;
				CODE_SIGN_STYLE = Automatic;
				CURRENT_PROJECT_VERSION = 1;
				DEVELOPMENT_TEAM = 2DR6VCAQ4L;
				GENERATE_INFOPLIST_FILE = YES;
				INFOPLIST_FILE = WorkoutApp/SupportingFiles/Info.plist;
				INFOPLIST_KEY_UIApplicationSupportsIndirectInputEvents = YES;
				INFOPLIST_KEY_UILaunchStoryboardName = LaunchScreen;
				INFOPLIST_KEY_UISupportedInterfaceOrientations = UIInterfaceOrientationPortrait;
				INFOPLIST_KEY_UISupportedInterfaceOrientations_iPad = "UIInterfaceOrientationPortrait UIInterfaceOrientationPortraitUpsideDown UIInterfaceOrientationLandscapeLeft UIInterfaceOrientationLandscapeRight";
				INFOPLIST_KEY_UISupportedInterfaceOrientations_iPhone = "UIInterfaceOrientationPortrait UIInterfaceOrientationLandscapeLeft UIInterfaceOrientationLandscapeRight";
				LD_RUNPATH_SEARCH_PATHS = (
					"$(inherited)",
					"@executable_path/Frameworks",
				);
				MARKETING_VERSION = 1.0;
				PRODUCT_BUNDLE_IDENTIFIER = pK.WorkoutApp;
				PRODUCT_NAME = "$(TARGET_NAME)";
				SWIFT_EMIT_LOC_STRINGS = YES;
				SWIFT_VERSION = 5.0;
				TARGETED_DEVICE_FAMILY = 1;
			};
			name = Release;
		};
/* End XCBuildConfiguration section */

/* Begin XCConfigurationList section */
		A026C3E1285BB16D00252663 /* Build configuration list for PBXProject "WorkoutApp" */ = {
			isa = XCConfigurationList;
			buildConfigurations = (
				A026C3F8285BB16F00252663 /* Debug */,
				A026C3F9285BB16F00252663 /* Release */,
			);
			defaultConfigurationIsVisible = 0;
			defaultConfigurationName = Release;
		};
		A026C3FA285BB16F00252663 /* Build configuration list for PBXNativeTarget "WorkoutApp" */ = {
			isa = XCConfigurationList;
			buildConfigurations = (
				A026C3FB285BB16F00252663 /* Debug */,
				A026C3FC285BB16F00252663 /* Release */,
			);
			defaultConfigurationIsVisible = 0;
			defaultConfigurationName = Release;
		};
/* End XCConfigurationList section */
	};
	rootObject = A026C3DE285BB16D00252663 /* Project object */;
}
